
Microsoft Visual Studio Solution File, Format Version 12.00
# Visual Studio Version 17
VisualStudioVersion = 17.1.32319.34
MinimumVisualStudioVersion = 10.0.40219.1
Project("{FAE04EC0-301F-11D3-BF4B-00C04F79EFBC}") = "BasicExercises", "BasicExercises\BasicExercises.csproj", "{A7EFF01F-855A-4748-B29B-711876B080DA}"
EndProject
Global
	GlobalSection(SolutionConfigurationPlatforms) = preSolution
		Debug|Any CPU = Debug|Any CPU
		Release|Any CPU = Release|Any CPU
	EndGlobalSection
	GlobalSection(ProjectConfigurationPlatforms) = postSolution
		{A7EFF01F-855A-4748-B29B-711876B080DA}.Debug|Any CPU.ActiveCfg = Debug|Any CPU
		{A7EFF01F-855A-4748-B29B-711876B080DA}.Debug|Any CPU.Build.0 = Debug|Any CPU
		{A7EFF01F-855A-4748-B29B-711876B080DA}.Release|Any CPU.ActiveCfg = Release|Any CPU
		{A7EFF01F-855A-4748-B29B-711876B080DA}.Release|Any CPU.Build.0 = Release|Any CPU
	EndGlobalSection
	GlobalSection(SolutionProperties) = preSolution
		HideSolutionNode = FALSE
	EndGlobalSection
	GlobalSection(ExtensibilityGlobals) = postSolution
		SolutionGuid = {55248C04-600C-4E24-AE28-0A068CA40427}
	EndGlobalSection
EndGlobal
