
Microsoft Visual Studio Solution File, Format Version 12.00
# Visual Studio Version 17
VisualStudioVersion = 17.1.32319.34
MinimumVisualStudioVersion = 10.0.40219.1
Project("{FAE04EC0-301F-11D3-BF4B-00C04F79EFBC}") = "ClassMethodDemo", "ClassMethodDemo\ClassMethodDemo.csproj", "{C92CC7FE-674E-4BA5-9564-711FABC369ED}"
EndProject
Global
	GlobalSection(SolutionConfigurationPlatforms) = preSolution
		Debug|Any CPU = Debug|Any CPU
		Release|Any CPU = Release|Any CPU
	EndGlobalSection
	GlobalSection(ProjectConfigurationPlatforms) = postSolution
		{C92CC7FE-674E-4BA5-9564-711FABC369ED}.Debug|Any CPU.ActiveCfg = Debug|Any CPU
		{C92CC7FE-674E-4BA5-9564-711FABC369ED}.Debug|Any CPU.Build.0 = Debug|Any CPU
		{C92CC7FE-674E-4BA5-9564-711FABC369ED}.Release|Any CPU.ActiveCfg = Release|Any CPU
		{C92CC7FE-674E-4BA5-9564-711FABC369ED}.Release|Any CPU.Build.0 = Release|Any CPU
	EndGlobalSection
	GlobalSection(SolutionProperties) = preSolution
		HideSolutionNode = FALSE
	EndGlobalSection
	GlobalSection(ExtensibilityGlobals) = postSolution
		SolutionGuid = {AC2DE6A7-FAD0-4E87-B866-D9A4C1466320}
	EndGlobalSection
EndGlobal
