
Microsoft Visual Studio Solution File, Format Version 12.00
# Visual Studio Version 17
VisualStudioVersion = 17.1.32319.34
MinimumVisualStudioVersion = 10.0.40219.1
Project("{FAE04EC0-301F-11D3-BF4B-00C04F79EFBC}") = "MethodsAndFunctions", "MethodsAndFunctions\MethodsAndFunctions.csproj", "{F21BACBE-B983-4FC0-AD60-602C72BEC9C4}"
EndProject
Global
	GlobalSection(SolutionConfigurationPlatforms) = preSolution
		Debug|Any CPU = Debug|Any CPU
		Release|Any CPU = Release|Any CPU
	EndGlobalSection
	GlobalSection(ProjectConfigurationPlatforms) = postSolution
		{F21BACBE-B983-4FC0-AD60-602C72BEC9C4}.Debug|Any CPU.ActiveCfg = Debug|Any CPU
		{F21BACBE-B983-4FC0-AD60-602C72BEC9C4}.Debug|Any CPU.Build.0 = Debug|Any CPU
		{F21BACBE-B983-4FC0-AD60-602C72BEC9C4}.Release|Any CPU.ActiveCfg = Release|Any CPU
		{F21BACBE-B983-4FC0-AD60-602C72BEC9C4}.Release|Any CPU.Build.0 = Release|Any CPU
	EndGlobalSection
	GlobalSection(SolutionProperties) = preSolution
		HideSolutionNode = FALSE
	EndGlobalSection
	GlobalSection(ExtensibilityGlobals) = postSolution
		SolutionGuid = {D1A65B5C-D819-4A80-8ACA-B513F7019997}
	EndGlobalSection
EndGlobal
